
Microsoft Visual Studio Solution File, Format Version 12.00
# Visual Studio Version 17
VisualStudioVersion = 17.2.32616.157
MinimumVisualStudioVersion = 10.0.40219.1
Project("{9A19103F-16F7-4668-BE54-9A1E7A4F7556}") = "Calculator", "Calculator\Calculator.csproj", "{A35CB723-4EEF-4BB7-B239-5674249A9D70}"
EndProject
Project("{FAE04EC0-301F-11D3-BF4B-00C04F79EFBC}") = "CalculatorLibrary", "CalculatorLibrary\CalculatorLibrary.csproj", "{0E60F83D-24EE-47AC-9641-A457A1CD0814}"
EndProject
Global
	GlobalSection(SolutionConfigurationPlatforms) = preSolution
		Debug|Any CPU = Debug|Any CPU
		Release|Any CPU = Release|Any CPU
	EndGlobalSection
	GlobalSection(ProjectConfigurationPlatforms) = postSolution
		{A35CB723-4EEF-4BB7-B239-5674249A9D70}.Debug|Any CPU.ActiveCfg = Debug|Any CPU
		{A35CB723-4EEF-4BB7-B239-5674249A9D70}.Debug|Any CPU.Build.0 = Debug|Any CPU
		{A35CB723-4EEF-4BB7-B239-5674249A9D70}.Release|Any CPU.ActiveCfg = Release|Any CPU
		{A35CB723-4EEF-4BB7-B239-5674249A9D70}.Release|Any CPU.Build.0 = Release|Any CPU
		{0E60F83D-24EE-47AC-9641-A457A1CD0814}.Debug|Any CPU.ActiveCfg = Debug|Any CPU
		{0E60F83D-24EE-47AC-9641-A457A1CD0814}.Debug|Any CPU.Build.0 = Debug|Any CPU
		{0E60F83D-24EE-47AC-9641-A457A1CD0814}.Release|Any CPU.ActiveCfg = Release|Any CPU
		{0E60F83D-24EE-47AC-9641-A457A1CD0814}.Release|Any CPU.Build.0 = Release|Any CPU
	EndGlobalSection
	GlobalSection(SolutionProperties) = preSolution
		HideSolutionNode = FALSE
	EndGlobalSection
	GlobalSection(ExtensibilityGlobals) = postSolution
		SolutionGuid = {B9EA7B1E-35AE-48FB-9ADB-5A9AA739BAB6}
	EndGlobalSection
EndGlobal
